
Microsoft Visual Studio Solution File, Format Version 12.00
# Visual Studio Version 16
VisualStudioVersion = 16.0.32002.261
MinimumVisualStudioVersion = 10.0.40219.1
Project("{FAE04EC0-301F-11D3-BF4B-00C04F79EFBC}") = "Find-Maximum-Problem", "Find-Maximum-Problem\Find-Maximum-Problem.csproj", "{86357A09-4812-4FDB-A801-CE123F5D609D}"
EndProject
Global
	GlobalSection(SolutionConfigurationPlatforms) = preSolution
		Debug|Any CPU = Debug|Any CPU
		Release|Any CPU = Release|Any CPU
	EndGlobalSection
	GlobalSection(ProjectConfigurationPlatforms) = postSolution
		{86357A09-4812-4FDB-A801-CE123F5D609D}.Debug|Any CPU.ActiveCfg = Debug|Any CPU
		{86357A09-4812-4FDB-A801-CE123F5D609D}.Debug|Any CPU.Build.0 = Debug|Any CPU
		{86357A09-4812-4FDB-A801-CE123F5D609D}.Release|Any CPU.ActiveCfg = Release|Any CPU
		{86357A09-4812-4FDB-A801-CE123F5D609D}.Release|Any CPU.Build.0 = Release|Any CPU
	EndGlobalSection
	GlobalSection(SolutionProperties) = preSolution
		HideSolutionNode = FALSE
	EndGlobalSection
	GlobalSection(ExtensibilityGlobals) = postSolution
		SolutionGuid = {1EB102C3-3367-41C0-A8A5-52D9713BE576}
	EndGlobalSection
EndGlobal
